
Microsoft Visual Studio Solution File, Format Version 12.00
# Visual Studio Version 16
VisualStudioVersion = 16.0.29318.209
MinimumVisualStudioVersion = 10.0.40219.1
Project("{8BC9CEB8-8B4A-11D0-8D11-00A0C91BC942}") = "data_structures", "data_structures\data_structures.vcxproj", "{D564835E-618A-4240-9841-1D5D4D94B012}"
EndProject
Project("{8BC9CEB8-8B4A-11D0-8D11-00A0C91BC942}") = "Library_Tester", "Library_Tester\Library_Tester.vcxproj", "{3B94BD4B-6CA1-4F86-AA86-F261BB3A42E7}"
EndProject
Global
	GlobalSection(SolutionConfigurationPlatforms) = preSolution
		Debug|x64 = Debug|x64
		Debug|x86 = Debug|x86
		Release|x64 = Release|x64
		Release|x86 = Release|x86
	EndGlobalSection
	GlobalSection(ProjectConfigurationPlatforms) = postSolution
		{D564835E-618A-4240-9841-1D5D4D94B012}.Debug|x64.ActiveCfg = Debug|x64
		{D564835E-618A-4240-9841-1D5D4D94B012}.Debug|x64.Build.0 = Debug|x64
		{D564835E-618A-4240-9841-1D5D4D94B012}.Debug|x86.ActiveCfg = Debug|Win32
		{D564835E-618A-4240-9841-1D5D4D94B012}.Debug|x86.Build.0 = Debug|Win32
		{D564835E-618A-4240-9841-1D5D4D94B012}.Release|x64.ActiveCfg = Release|x64
		{D564835E-618A-4240-9841-1D5D4D94B012}.Release|x64.Build.0 = Release|x64
		{D564835E-618A-4240-9841-1D5D4D94B012}.Release|x86.ActiveCfg = Release|Win32
		{D564835E-618A-4240-9841-1D5D4D94B012}.Release|x86.Build.0 = Release|Win32
		{3B94BD4B-6CA1-4F86-AA86-F261BB3A42E7}.Debug|x64.ActiveCfg = Debug|x64
		{3B94BD4B-6CA1-4F86-AA86-F261BB3A42E7}.Debug|x64.Build.0 = Debug|x64
		{3B94BD4B-6CA1-4F86-AA86-F261BB3A42E7}.Debug|x86.ActiveCfg = Debug|Win32
		{3B94BD4B-6CA1-4F86-AA86-F261BB3A42E7}.Debug|x86.Build.0 = Debug|Win32
		{3B94BD4B-6CA1-4F86-AA86-F261BB3A42E7}.Release|x64.ActiveCfg = Release|x64
		{3B94BD4B-6CA1-4F86-AA86-F261BB3A42E7}.Release|x64.Build.0 = Release|x64
		{3B94BD4B-6CA1-4F86-AA86-F261BB3A42E7}.Release|x86.ActiveCfg = Release|Win32
		{3B94BD4B-6CA1-4F86-AA86-F261BB3A42E7}.Release|x86.Build.0 = Release|Win32
	EndGlobalSection
	GlobalSection(SolutionProperties) = preSolution
		HideSolutionNode = FALSE
	EndGlobalSection
	GlobalSection(ExtensibilityGlobals) = postSolution
		SolutionGuid = {5465B3B9-D2DC-4351-8026-3C37E95ABAEE}
	EndGlobalSection
EndGlobal
